// !$*UTF8*$!
{
	archiveVersion = 1;
	classes = {
	};
	objectVersion = 56;
	objects = {

/* Begin PBXBuildFile section */
		CB19364229E4A42900B2F6C7 /* HabitsViewController.swift in Sources */ = {isa = PBXBuildFile; fileRef = CB19364129E4A42900B2F6C7 /* HabitsViewController.swift */; };
		CB19364429E4A43E00B2F6C7 /* InfoViewController.swift in Sources */ = {isa = PBXBuildFile; fileRef = CB19364329E4A43E00B2F6C7 /* InfoViewController.swift */; };
		CB19364729E6DB4100B2F6C7 /* HabitsInfo.swift in Sources */ = {isa = PBXBuildFile; fileRef = CB19364629E6DB4100B2F6C7 /* HabitsInfo.swift */; };
		CB3C51E929E428FF00257E79 /* AppDelegate.swift in Sources */ = {isa = PBXBuildFile; fileRef = CB3C51E829E428FF00257E79 /* AppDelegate.swift */; };
		CB3C51EB29E428FF00257E79 /* SceneDelegate.swift in Sources */ = {isa = PBXBuildFile; fileRef = CB3C51EA29E428FF00257E79 /* SceneDelegate.swift */; };
		CB3C51F229E4290100257E79 /* Assets.xcassets in Resources */ = {isa = PBXBuildFile; fileRef = CB3C51F129E4290100257E79 /* Assets.xcassets */; };
		CB3C51F529E4290100257E79 /* LaunchScreen.storyboard in Resources */ = {isa = PBXBuildFile; fileRef = CB3C51F329E4290100257E79 /* LaunchScreen.storyboard */; };
		CB3C51FD29E429F100257E79 /* HabitsStore.swift in Sources */ = {isa = PBXBuildFile; fileRef = CB3C51FC29E429F100257E79 /* HabitsStore.swift */; };
		CB50BBA82A2B127600E1158A /* HabitDetailsViewController.swift in Sources */ = {isa = PBXBuildFile; fileRef = CB50BBA72A2B127600E1158A /* HabitDetailsViewController.swift */; };
		CB725F2929F02741006334EB /* HabitViewController.swift in Sources */ = {isa = PBXBuildFile; fileRef = CB725F2829F02741006334EB /* HabitViewController.swift */; };
		CB725F2F29F7B9C2006334EB /* ProgressCollectionViewCell.swift in Sources */ = {isa = PBXBuildFile; fileRef = CB725F2E29F7B9C2006334EB /* ProgressCollectionViewCell.swift */; };
		CB725F3129F7C220006334EB /* HabitCollectionViewCell.swift in Sources */ = {isa = PBXBuildFile; fileRef = CB725F3029F7C220006334EB /* HabitCollectionViewCell.swift */; };
		CB725F9D29FFEFA3006334EB /* NewHabit.swift in Sources */ = {isa = PBXBuildFile; fileRef = CB725F9C29FFEFA3006334EB /* NewHabit.swift */; };
		CB725FA62A00E33F006334EB /* HabitCheckTableViewCell.swift in Sources */ = {isa = PBXBuildFile; fileRef = CB725FA52A00E33F006334EB /* HabitCheckTableViewCell.swift */; };
/* End PBXBuildFile section */

/* Begin PBXFileReference section */
		CB19364129E4A42900B2F6C7 /* HabitsViewController.swift */ = {isa = PBXFileReference; lastKnownFileType = sourcecode.swift; path = HabitsViewController.swift; sourceTree = "<group>"; };
		CB19364329E4A43E00B2F6C7 /* InfoViewController.swift */ = {isa = PBXFileReference; lastKnownFileType = sourcecode.swift; path = InfoViewController.swift; sourceTree = "<group>"; };
		CB19364629E6DB4100B2F6C7 /* HabitsInfo.swift */ = {isa = PBXFileReference; lastKnownFileType = sourcecode.swift; path = HabitsInfo.swift; sourceTree = "<group>"; };
		CB3C51E529E428FF00257E79 /* MyHabits.app */ = {isa = PBXFileReference; explicitFileType = wrapper.application; includeInIndex = 0; path = MyHabits.app; sourceTree = BUILT_PRODUCTS_DIR; };
		CB3C51E829E428FF00257E79 /* AppDelegate.swift */ = {isa = PBXFileReference; lastKnownFileType = sourcecode.swift; path = AppDelegate.swift; sourceTree = "<group>"; };
		CB3C51EA29E428FF00257E79 /* SceneDelegate.swift */ = {isa = PBXFileReference; lastKnownFileType = sourcecode.swift; path = SceneDelegate.swift; sourceTree = "<group>"; };
		CB3C51F129E4290100257E79 /* Assets.xcassets */ = {isa = PBXFileReference; lastKnownFileType = folder.assetcatalog; path = Assets.xcassets; sourceTree = "<group>"; };
		CB3C51F429E4290100257E79 /* Base */ = {isa = PBXFileReference; lastKnownFileType = file.storyboard; name = Base; path = Base.lproj/LaunchScreen.storyboard; sourceTree = "<group>"; };
		CB3C51F629E4290100257E79 /* Info.plist */ = {isa = PBXFileReference; lastKnownFileType = text.plist.xml; path = Info.plist; sourceTree = "<group>"; };
		CB3C51FC29E429F100257E79 /* HabitsStore.swift */ = {isa = PBXFileReference; lastKnownFileType = sourcecode.swift; path = HabitsStore.swift; sourceTree = "<group>"; };
		CB50BBA72A2B127600E1158A /* HabitDetailsViewController.swift */ = {isa = PBXFileReference; lastKnownFileType = sourcecode.swift; path = HabitDetailsViewController.swift; sourceTree = "<group>"; };
		CB725F2829F02741006334EB /* HabitViewController.swift */ = {isa = PBXFileReference; lastKnownFileType = sourcecode.swift; path = HabitViewController.swift; sourceTree = "<group>"; };
		CB725F2E29F7B9C2006334EB /* ProgressCollectionViewCell.swift */ = {isa = PBXFileReference; lastKnownFileType = sourcecode.swift; path = ProgressCollectionViewCell.swift; sourceTree = "<group>"; };
		CB725F3029F7C220006334EB /* HabitCollectionViewCell.swift */ = {isa = PBXFileReference; lastKnownFileType = sourcecode.swift; path = HabitCollectionViewCell.swift; sourceTree = "<group>"; };
		CB725F9C29FFEFA3006334EB /* NewHabit.swift */ = {isa = PBXFileReference; lastKnownFileType = sourcecode.swift; path = NewHabit.swift; sourceTree = "<group>"; };
		CB725FA52A00E33F006334EB /* HabitCheckTableViewCell.swift */ = {isa = PBXFileReference; lastKnownFileType = sourcecode.swift; path = HabitCheckTableViewCell.swift; sourceTree = "<group>"; };
/* End PBXFileReference section */

/* Begin PBXFrameworksBuildPhase section */
		CB3C51E229E428FF00257E79 /* Frameworks */ = {
			isa = PBXFrameworksBuildPhase;
			buildActionMask = 2147483647;
			files = (
			);
			runOnlyForDeploymentPostprocessing = 0;
		};
/* End PBXFrameworksBuildPhase section */

/* Begin PBXGroup section */
		CB1C4F452A7AB11C0044210A /* Application */ = {
			isa = PBXGroup;
			children = (
				CB3C51E829E428FF00257E79 /* AppDelegate.swift */,
				CB3C51EA29E428FF00257E79 /* SceneDelegate.swift */,
			);
			path = Application;
			sourceTree = "<group>";
		};
		CB1C4F462A7AB13A0044210A /* Presentation */ = {
			isa = PBXGroup;
			children = (
				CB1C4F472A7AB1440044210A /* Models */,
			);
			path = Presentation;
			sourceTree = "<group>";
		};
		CB1C4F472A7AB1440044210A /* Models */ = {
			isa = PBXGroup;
			children = (
				CB725F9C29FFEFA3006334EB /* NewHabit.swift */,
			);
			path = Models;
			sourceTree = "<group>";
		};
		CB1C4F482A7AB15C0044210A /* Views */ = {
			isa = PBXGroup;
			children = (
				CB1C4F4E2A7ABD4B0044210A /* Single */,
				CB1C4F4C2A7AB18A0044210A /* Detail */,
				CB1C4F492A7AB1630044210A /* Main */,
			);
			path = Views;
			sourceTree = "<group>";
		};
		CB1C4F492A7AB1630044210A /* Main */ = {
			isa = PBXGroup;
			children = (
				CB19364129E4A42900B2F6C7 /* HabitsViewController.swift */,
				CB1C4F4B2A7AB17F0044210A /* Cells */,
			);
			path = Main;
			sourceTree = "<group>";
		};
		CB1C4F4B2A7AB17F0044210A /* Cells */ = {
			isa = PBXGroup;
			children = (
				CB725F2E29F7B9C2006334EB /* ProgressCollectionViewCell.swift */,
				CB725F3029F7C220006334EB /* HabitCollectionViewCell.swift */,
			);
			path = Cells;
			sourceTree = "<group>";
		};
		CB1C4F4C2A7AB18A0044210A /* Detail */ = {
			isa = PBXGroup;
			children = (
				CB50BBA72A2B127600E1158A /* HabitDetailsViewController.swift */,
				CB1C4F4D2A7ABD310044210A /* Cells */,
			);
			path = Detail;
			sourceTree = "<group>";
		};
		CB1C4F4D2A7ABD310044210A /* Cells */ = {
			isa = PBXGroup;
			children = (
				CB725FA52A00E33F006334EB /* HabitCheckTableViewCell.swift */,
			);
			path = Cells;
			sourceTree = "<group>";
		};
		CB1C4F4E2A7ABD4B0044210A /* Single */ = {
			isa = PBXGroup;
			children = (
				CB725F2829F02741006334EB /* HabitViewController.swift */,
			);
			path = Single;
			sourceTree = "<group>";
		};
		CB1C4F4F2A7ABD640044210A /* Info */ = {
			isa = PBXGroup;
			children = (
				CB1C4F502A7ABD6D0044210A /* Models */,
			);
			path = Info;
			sourceTree = "<group>";
		};
		CB1C4F502A7ABD6D0044210A /* Models */ = {
			isa = PBXGroup;
			children = (
				CB19364629E6DB4100B2F6C7 /* HabitsInfo.swift */,
				CB1C4F512A7ABDAA0044210A /* Views */,
			);
			path = Models;
			sourceTree = "<group>";
		};
		CB1C4F512A7ABDAA0044210A /* Views */ = {
			isa = PBXGroup;
			children = (
				CB19364329E4A43E00B2F6C7 /* InfoViewController.swift */,
			);
			path = Views;
			sourceTree = "<group>";
		};
		CB1C4F522A7ABDB80044210A /* BusinessLogic */ = {
			isa = PBXGroup;
			children = (
				CB1C4F542A7ABDCB0044210A /* Resources */,
				CB1C4F532A7ABDBD0044210A /* Storage */,
			);
			path = BusinessLogic;
			sourceTree = "<group>";
		};
		CB1C4F532A7ABDBD0044210A /* Storage */ = {
			isa = PBXGroup;
			children = (
				CB3C51FC29E429F100257E79 /* HabitsStore.swift */,
			);
			path = Storage;
			sourceTree = "<group>";
		};
		CB1C4F542A7ABDCB0044210A /* Resources */ = {
			isa = PBXGroup;
			children = (
				CB3C51F329E4290100257E79 /* LaunchScreen.storyboard */,
				CB3C51F129E4290100257E79 /* Assets.xcassets */,
				CB1C4F552A7ABDD60044210A /* Assets */,
			);
			path = Resources;
			sourceTree = "<group>";
		};
		CB1C4F552A7ABDD60044210A /* Assets */ = {
			isa = PBXGroup;
			children = (
			);
			path = Assets;
			sourceTree = "<group>";
		};
		CB3C51DC29E428FF00257E79 = {
			isa = PBXGroup;
			children = (
				CB3C51E729E428FF00257E79 /* MyHabits */,
				CB3C51E629E428FF00257E79 /* Products */,
			);
			sourceTree = "<group>";
		};
		CB3C51E629E428FF00257E79 /* Products */ = {
			isa = PBXGroup;
			children = (
				CB3C51E529E428FF00257E79 /* MyHabits.app */,
			);
			name = Products;
			sourceTree = "<group>";
		};
		CB3C51E729E428FF00257E79 /* MyHabits */ = {
			isa = PBXGroup;
			children = (
				CB3C51F629E4290100257E79 /* Info.plist */,
				CB1C4F452A7AB11C0044210A /* Application */,
				CB1C4F462A7AB13A0044210A /* Presentation */,
				CB1C4F4F2A7ABD640044210A /* Info */,
				CB1C4F482A7AB15C0044210A /* Views */,
				CB1C4F522A7ABDB80044210A /* BusinessLogic */,
			);
			path = MyHabits;
			sourceTree = "<group>";
		};
/* End PBXGroup section */

/* Begin PBXNativeTarget section */
		CB3C51E429E428FF00257E79 /* MyHabits */ = {
			isa = PBXNativeTarget;
			buildConfigurationList = CB3C51F929E4290100257E79 /* Build configuration list for PBXNativeTarget "MyHabits" */;
			buildPhases = (
				CB3C51E129E428FF00257E79 /* Sources */,
				CB3C51E229E428FF00257E79 /* Frameworks */,
				CB3C51E329E428FF00257E79 /* Resources */,
			);
			buildRules = (
			);
			dependencies = (
			);
			name = MyHabits;
			productName = MyHabits;
			productReference = CB3C51E529E428FF00257E79 /* MyHabits.app */;
			productType = "com.apple.product-type.application";
		};
/* End PBXNativeTarget section */

/* Begin PBXProject section */
		CB3C51DD29E428FF00257E79 /* Project object */ = {
			isa = PBXProject;
			attributes = {
				BuildIndependentTargetsInParallel = 1;
				LastSwiftUpdateCheck = 1420;
				LastUpgradeCheck = 1420;
				TargetAttributes = {
					CB3C51E429E428FF00257E79 = {
						CreatedOnToolsVersion = 14.2;
					};
				};
			};
			buildConfigurationList = CB3C51E029E428FF00257E79 /* Build configuration list for PBXProject "MyHabits" */;
			compatibilityVersion = "Xcode 14.0";
			developmentRegion = en;
			hasScannedForEncodings = 0;
			knownRegions = (
				en,
				Base,
			);
			mainGroup = CB3C51DC29E428FF00257E79;
			productRefGroup = CB3C51E629E428FF00257E79 /* Products */;
			projectDirPath = "";
			projectRoot = "";
			targets = (
				CB3C51E429E428FF00257E79 /* MyHabits */,
			);
		};
/* End PBXProject section */

/* Begin PBXResourcesBuildPhase section */
		CB3C51E329E428FF00257E79 /* Resources */ = {
			isa = PBXResourcesBuildPhase;
			buildActionMask = 2147483647;
			files = (
				CB3C51F529E4290100257E79 /* LaunchScreen.storyboard in Resources */,
				CB3C51F229E4290100257E79 /* Assets.xcassets in Resources */,
			);
			runOnlyForDeploymentPostprocessing = 0;
		};
/* End PBXResourcesBuildPhase section */

/* Begin PBXSourcesBuildPhase section */
		CB3C51E129E428FF00257E79 /* Sources */ = {
			isa = PBXSourcesBuildPhase;
			buildActionMask = 2147483647;
			files = (
				CB725FA62A00E33F006334EB /* HabitCheckTableViewCell.swift in Sources */,
				CB50BBA82A2B127600E1158A /* HabitDetailsViewController.swift in Sources */,
				CB725F3129F7C220006334EB /* HabitCollectionViewCell.swift in Sources */,
				CB19364729E6DB4100B2F6C7 /* HabitsInfo.swift in Sources */,
				CB725F9D29FFEFA3006334EB /* NewHabit.swift in Sources */,
				CB3C51FD29E429F100257E79 /* HabitsStore.swift in Sources */,
				CB725F2929F02741006334EB /* HabitViewController.swift in Sources */,
				CB3C51E929E428FF00257E79 /* AppDelegate.swift in Sources */,
				CB19364229E4A42900B2F6C7 /* HabitsViewController.swift in Sources */,
				CB19364429E4A43E00B2F6C7 /* InfoViewController.swift in Sources */,
				CB3C51EB29E428FF00257E79 /* SceneDelegate.swift in Sources */,
				CB725F2F29F7B9C2006334EB /* ProgressCollectionViewCell.swift in Sources */,
			);
			runOnlyForDeploymentPostprocessing = 0;
		};
/* End PBXSourcesBuildPhase section */

/* Begin PBXVariantGroup section */
		CB3C51F329E4290100257E79 /* LaunchScreen.storyboard */ = {
			isa = PBXVariantGroup;
			children = (
				CB3C51F429E4290100257E79 /* Base */,
			);
			name = LaunchScreen.storyboard;
			sourceTree = "<group>";
		};
/* End PBXVariantGroup section */

/* Begin XCBuildConfiguration section */
		CB3C51F729E4290100257E79 /* Debug */ = {
			isa = XCBuildConfiguration;
			buildSettings = {
				ALWAYS_SEARCH_USER_PATHS = NO;
				CLANG_ANALYZER_NONNULL = YES;
				CLANG_ANALYZER_NUMBER_OBJECT_CONVERSION = YES_AGGRESSIVE;
				CLANG_CXX_LANGUAGE_STANDARD = "gnu++20";
				CLANG_ENABLE_MODULES = YES;
				CLANG_ENABLE_OBJC_ARC = YES;
				CLANG_ENABLE_OBJC_WEAK = YES;
				CLANG_WARN_BLOCK_CAPTURE_AUTORELEASING = YES;
				CLANG_WARN_BOOL_CONVERSION = YES;
				CLANG_WARN_COMMA = YES;
				CLANG_WARN_CONSTANT_CONVERSION = YES;
				CLANG_WARN_DEPRECATED_OBJC_IMPLEMENTATIONS = YES;
				CLANG_WARN_DIRECT_OBJC_ISA_USAGE = YES_ERROR;
				CLANG_WARN_DOCUMENTATION_COMMENTS = YES;
				CLANG_WARN_EMPTY_BODY = YES;
				CLANG_WARN_ENUM_CONVERSION = YES;
				CLANG_WARN_INFINITE_RECURSION = YES;
				CLANG_WARN_INT_CONVERSION = YES;
				CLANG_WARN_NON_LITERAL_NULL_CONVERSION = YES;
				CLANG_WARN_OBJC_IMPLICIT_RETAIN_SELF = YES;
				CLANG_WARN_OBJC_LITERAL_CONVERSION = YES;
				CLANG_WARN_OBJC_ROOT_CLASS = YES_ERROR;
				CLANG_WARN_QUOTED_INCLUDE_IN_FRAMEWORK_HEADER = YES;
				CLANG_WARN_RANGE_LOOP_ANALYSIS = YES;
				CLANG_WARN_STRICT_PROTOTYPES = YES;
				CLANG_WARN_SUSPICIOUS_MOVE = YES;
				CLANG_WARN_UNGUARDED_AVAILABILITY = YES_AGGRESSIVE;
				CLANG_WARN_UNREACHABLE_CODE = YES;
				CLANG_WARN__DUPLICATE_METHOD_MATCH = YES;
				COPY_PHASE_STRIP = NO;
				DEBUG_INFORMATION_FORMAT = dwarf;
				ENABLE_STRICT_OBJC_MSGSEND = YES;
				ENABLE_TESTABILITY = YES;
				GCC_C_LANGUAGE_STANDARD = gnu11;
				GCC_DYNAMIC_NO_PIC = NO;
				GCC_NO_COMMON_BLOCKS = YES;
				GCC_OPTIMIZATION_LEVEL = 0;
				GCC_PREPROCESSOR_DEFINITIONS = (
					"DEBUG=1",
					"$(inherited)",
				);
				GCC_WARN_64_TO_32_BIT_CONVERSION = YES;
				GCC_WARN_ABOUT_RETURN_TYPE = YES_ERROR;
				GCC_WARN_UNDECLARED_SELECTOR = YES;
				GCC_WARN_UNINITIALIZED_AUTOS = YES_AGGRESSIVE;
				GCC_WARN_UNUSED_FUNCTION = YES;
				GCC_WARN_UNUSED_VARIABLE = YES;
				IPHONEOS_DEPLOYMENT_TARGET = 16.2;
				MTL_ENABLE_DEBUG_INFO = INCLUDE_SOURCE;
				MTL_FAST_MATH = YES;
				ONLY_ACTIVE_ARCH = YES;
				SDKROOT = iphoneos;
				SWIFT_ACTIVE_COMPILATION_CONDITIONS = DEBUG;
				SWIFT_OPTIMIZATION_LEVEL = "-Onone";
			};
			name = Debug;
		};
		CB3C51F829E4290100257E79 /* Release */ = {
			isa = XCBuildConfiguration;
			buildSettings = {
				ALWAYS_SEARCH_USER_PATHS = NO;
				CLANG_ANALYZER_NONNULL = YES;
				CLANG_ANALYZER_NUMBER_OBJECT_CONVERSION = YES_AGGRESSIVE;
				CLANG_CXX_LANGUAGE_STANDARD = "gnu++20";
				CLANG_ENABLE_MODULES = YES;
				CLANG_ENABLE_OBJC_ARC = YES;
				CLANG_ENABLE_OBJC_WEAK = YES;
				CLANG_WARN_BLOCK_CAPTURE_AUTORELEASING = YES;
				CLANG_WARN_BOOL_CONVERSION = YES;
				CLANG_WARN_COMMA = YES;
				CLANG_WARN_CONSTANT_CONVERSION = YES;
				CLANG_WARN_DEPRECATED_OBJC_IMPLEMENTATIONS = YES;
				CLANG_WARN_DIRECT_OBJC_ISA_USAGE = YES_ERROR;
				CLANG_WARN_DOCUMENTATION_COMMENTS = YES;
				CLANG_WARN_EMPTY_BODY = YES;
				CLANG_WARN_ENUM_CONVERSION = YES;
				CLANG_WARN_INFINITE_RECURSION = YES;
				CLANG_WARN_INT_CONVERSION = YES;
				CLANG_WARN_NON_LITERAL_NULL_CONVERSION = YES;
				CLANG_WARN_OBJC_IMPLICIT_RETAIN_SELF = YES;
				CLANG_WARN_OBJC_LITERAL_CONVERSION = YES;
				CLANG_WARN_OBJC_ROOT_CLASS = YES_ERROR;
				CLANG_WARN_QUOTED_INCLUDE_IN_FRAMEWORK_HEADER = YES;
				CLANG_WARN_RANGE_LOOP_ANALYSIS = YES;
				CLANG_WARN_STRICT_PROTOTYPES = YES;
				CLANG_WARN_SUSPICIOUS_MOVE = YES;
				CLANG_WARN_UNGUARDED_AVAILABILITY = YES_AGGRESSIVE;
				CLANG_WARN_UNREACHABLE_CODE = YES;
				CLANG_WARN__DUPLICATE_METHOD_MATCH = YES;
				COPY_PHASE_STRIP = NO;
				DEBUG_INFORMATION_FORMAT = "dwarf-with-dsym";
				ENABLE_NS_ASSERTIONS = NO;
				ENABLE_STRICT_OBJC_MSGSEND = YES;
				GCC_C_LANGUAGE_STANDARD = gnu11;
				GCC_NO_COMMON_BLOCKS = YES;
				GCC_WARN_64_TO_32_BIT_CONVERSION = YES;
				GCC_WARN_ABOUT_RETURN_TYPE = YES_ERROR;
				GCC_WARN_UNDECLARED_SELECTOR = YES;
				GCC_WARN_UNINITIALIZED_AUTOS = YES_AGGRESSIVE;
				GCC_WARN_UNUSED_FUNCTION = YES;
				GCC_WARN_UNUSED_VARIABLE = YES;
				IPHONEOS_DEPLOYMENT_TARGET = 16.2;
				MTL_ENABLE_DEBUG_INFO = NO;
				MTL_FAST_MATH = YES;
				SDKROOT = iphoneos;
				SWIFT_COMPILATION_MODE = wholemodule;
				SWIFT_OPTIMIZATION_LEVEL = "-O";
				VALIDATE_PRODUCT = YES;
			};
			name = Release;
		};
		CB3C51FA29E4290100257E79 /* Debug */ = {
			isa = XCBuildConfiguration;
			buildSettings = {
				ASSETCATALOG_COMPILER_APPICON_NAME = AppIcon;
				ASSETCATALOG_COMPILER_GLOBAL_ACCENT_COLOR_NAME = AccentColor;
				CODE_SIGN_STYLE = Automatic;
				CURRENT_PROJECT_VERSION = 1;
				GENERATE_INFOPLIST_FILE = YES;
				INFOPLIST_FILE = MyHabits/Info.plist;
				INFOPLIST_KEY_UIApplicationSupportsIndirectInputEvents = YES;
				INFOPLIST_KEY_UILaunchStoryboardName = LaunchScreen;
				INFOPLIST_KEY_UISupportedInterfaceOrientations_iPad = "UIInterfaceOrientationPortrait UIInterfaceOrientationPortraitUpsideDown UIInterfaceOrientationLandscapeLeft UIInterfaceOrientationLandscapeRight";
				INFOPLIST_KEY_UISupportedInterfaceOrientations_iPhone = "UIInterfaceOrientationPortrait UIInterfaceOrientationLandscapeLeft UIInterfaceOrientationLandscapeRight";
				IPHONEOS_DEPLOYMENT_TARGET = 15.0;
				LD_RUNPATH_SEARCH_PATHS = (
					"$(inherited)",
					"@executable_path/Frameworks",
				);
				MARKETING_VERSION = 1.0;
				PRODUCT_BUNDLE_IDENTIFIER = com.MyHabits;
				PRODUCT_NAME = "$(TARGET_NAME)";
				SWIFT_EMIT_LOC_STRINGS = YES;
				SWIFT_VERSION = 5.0;
				TARGETED_DEVICE_FAMILY = "1,2";
			};
			name = Debug;
		};
		CB3C51FB29E4290100257E79 /* Release */ = {
			isa = XCBuildConfiguration;
			buildSettings = {
				ASSETCATALOG_COMPILER_APPICON_NAME = AppIcon;
				ASSETCATALOG_COMPILER_GLOBAL_ACCENT_COLOR_NAME = AccentColor;
				CODE_SIGN_STYLE = Automatic;
				CURRENT_PROJECT_VERSION = 1;
				GENERATE_INFOPLIST_FILE = YES;
				INFOPLIST_FILE = MyHabits/Info.plist;
				INFOPLIST_KEY_UIApplicationSupportsIndirectInputEvents = YES;
				INFOPLIST_KEY_UILaunchStoryboardName = LaunchScreen;
				INFOPLIST_KEY_UISupportedInterfaceOrientations_iPad = "UIInterfaceOrientationPortrait UIInterfaceOrientationPortraitUpsideDown UIInterfaceOrientationLandscapeLeft UIInterfaceOrientationLandscapeRight";
				INFOPLIST_KEY_UISupportedInterfaceOrientations_iPhone = "UIInterfaceOrientationPortrait UIInterfaceOrientationLandscapeLeft UIInterfaceOrientationLandscapeRight";
				IPHONEOS_DEPLOYMENT_TARGET = 15.0;
				LD_RUNPATH_SEARCH_PATHS = (
					"$(inherited)",
					"@executable_path/Frameworks",
				);
				MARKETING_VERSION = 1.0;
				PRODUCT_BUNDLE_IDENTIFIER = com.MyHabits;
				PRODUCT_NAME = "$(TARGET_NAME)";
				SWIFT_EMIT_LOC_STRINGS = YES;
				SWIFT_VERSION = 5.0;
				TARGETED_DEVICE_FAMILY = "1,2";
			};
			name = Release;
		};
/* End XCBuildConfiguration section */

/* Begin XCConfigurationList section */
		CB3C51E029E428FF00257E79 /* Build configuration list for PBXProject "MyHabits" */ = {
			isa = XCConfigurationList;
			buildConfigurations = (
				CB3C51F729E4290100257E79 /* Debug */,
				CB3C51F829E4290100257E79 /* Release */,
			);
			defaultConfigurationIsVisible = 0;
			defaultConfigurationName = Release;
		};
		CB3C51F929E4290100257E79 /* Build configuration list for PBXNativeTarget "MyHabits" */ = {
			isa = XCConfigurationList;
			buildConfigurations = (
				CB3C51FA29E4290100257E79 /* Debug */,
				CB3C51FB29E4290100257E79 /* Release */,
			);
			defaultConfigurationIsVisible = 0;
			defaultConfigurationName = Release;
		};
/* End XCConfigurationList section */
	};
	rootObject = CB3C51DD29E428FF00257E79 /* Project object */;
}
